
Microsoft Visual Studio Solution File, Format Version 12.00
# Visual Studio 15
VisualStudioVersion = 15.0.27703.2026
MinimumVisualStudioVersion = 10.0.40219.1
Project("{FAE04EC0-301F-11D3-BF4B-00C04F79EFBC}") = "TCPServerNew", "TCPServerNew\TCPServerNew.csproj", "{C2597388-DC9D-4B54-B0F9-520B81127336}"
EndProject
Global
	GlobalSection(SolutionConfigurationPlatforms) = preSolution
		Debug|Any CPU = Debug|Any CPU
		Release|Any CPU = Release|Any CPU
	EndGlobalSection
	GlobalSection(ProjectConfigurationPlatforms) = postSolution
		{C2597388-DC9D-4B54-B0F9-520B81127336}.Debug|Any CPU.ActiveCfg = Debug|Any CPU
		{C2597388-DC9D-4B54-B0F9-520B81127336}.Debug|Any CPU.Build.0 = Debug|Any CPU
		{C2597388-DC9D-4B54-B0F9-520B81127336}.Release|Any CPU.ActiveCfg = Release|Any CPU
		{C2597388-DC9D-4B54-B0F9-520B81127336}.Release|Any CPU.Build.0 = Release|Any CPU
	EndGlobalSection
	GlobalSection(SolutionProperties) = preSolution
		HideSolutionNode = FALSE
	EndGlobalSection
	GlobalSection(ExtensibilityGlobals) = postSolution
		SolutionGuid = {FB9973F9-B9AB-4DA5-9F33-2890EEEBD470}
	EndGlobalSection
EndGlobal
