
Microsoft Visual Studio Solution File, Format Version 12.00
# Visual Studio 15
VisualStudioVersion = 15.0.27703.2026
MinimumVisualStudioVersion = 10.0.40219.1
Project("{FAE04EC0-301F-11D3-BF4B-00C04F79EFBC}") = "QueueClient", "QueueClient\QueueClient.csproj", "{3FDE201A-4A89-49F8-A86F-E419384A31EA}"
EndProject
Global
	GlobalSection(SolutionConfigurationPlatforms) = preSolution
		Debug|Any CPU = Debug|Any CPU
		Release|Any CPU = Release|Any CPU
	EndGlobalSection
	GlobalSection(ProjectConfigurationPlatforms) = postSolution
		{3FDE201A-4A89-49F8-A86F-E419384A31EA}.Debug|Any CPU.ActiveCfg = Debug|Any CPU
		{3FDE201A-4A89-49F8-A86F-E419384A31EA}.Debug|Any CPU.Build.0 = Debug|Any CPU
		{3FDE201A-4A89-49F8-A86F-E419384A31EA}.Release|Any CPU.ActiveCfg = Release|Any CPU
		{3FDE201A-4A89-49F8-A86F-E419384A31EA}.Release|Any CPU.Build.0 = Release|Any CPU
	EndGlobalSection
	GlobalSection(SolutionProperties) = preSolution
		HideSolutionNode = FALSE
	EndGlobalSection
	GlobalSection(ExtensibilityGlobals) = postSolution
		SolutionGuid = {F1F1E1E8-BA80-446F-8511-9A7AE7862E8E}
	EndGlobalSection
EndGlobal
