
Microsoft Visual Studio Solution File, Format Version 12.00
# Visual Studio 15
VisualStudioVersion = 15.0.27703.2026
MinimumVisualStudioVersion = 10.0.40219.1
Project("{FAE04EC0-301F-11D3-BF4B-00C04F79EFBC}") = "TCPClientNew", "TCPClientNew\TCPClientNew.csproj", "{D57FE6DB-0BB7-481A-A38B-A2D8CEE19C4F}"
EndProject
Global
	GlobalSection(SolutionConfigurationPlatforms) = preSolution
		Debug|Any CPU = Debug|Any CPU
		Release|Any CPU = Release|Any CPU
	EndGlobalSection
	GlobalSection(ProjectConfigurationPlatforms) = postSolution
		{D57FE6DB-0BB7-481A-A38B-A2D8CEE19C4F}.Debug|Any CPU.ActiveCfg = Debug|Any CPU
		{D57FE6DB-0BB7-481A-A38B-A2D8CEE19C4F}.Debug|Any CPU.Build.0 = Debug|Any CPU
		{D57FE6DB-0BB7-481A-A38B-A2D8CEE19C4F}.Release|Any CPU.ActiveCfg = Release|Any CPU
		{D57FE6DB-0BB7-481A-A38B-A2D8CEE19C4F}.Release|Any CPU.Build.0 = Release|Any CPU
	EndGlobalSection
	GlobalSection(SolutionProperties) = preSolution
		HideSolutionNode = FALSE
	EndGlobalSection
	GlobalSection(ExtensibilityGlobals) = postSolution
		SolutionGuid = {1F74B35A-FD99-4FE9-B332-709E0B4A632B}
	EndGlobalSection
EndGlobal
